
Microsoft Visual Studio Solution File, Format Version 12.00
# Visual Studio Version 17
VisualStudioVersion = 17.6.33815.320
MinimumVisualStudioVersion = 10.0.40219.1
Project("{FAE04EC0-301F-11D3-BF4B-00C04F79EFBC}") = "F23L034_DemoConsumeApi", "F23L034_DemoConsumeApi\F23L034_DemoConsumeApi.csproj", "{EBD540F2-1253-43C0-8E1B-84988D10E454}"
EndProject
Global
	GlobalSection(SolutionConfigurationPlatforms) = preSolution
		Debug|Any CPU = Debug|Any CPU
		Release|Any CPU = Release|Any CPU
	EndGlobalSection
	GlobalSection(ProjectConfigurationPlatforms) = postSolution
		{EBD540F2-1253-43C0-8E1B-84988D10E454}.Debug|Any CPU.ActiveCfg = Debug|Any CPU
		{EBD540F2-1253-43C0-8E1B-84988D10E454}.Debug|Any CPU.Build.0 = Debug|Any CPU
		{EBD540F2-1253-43C0-8E1B-84988D10E454}.Release|Any CPU.ActiveCfg = Release|Any CPU
		{EBD540F2-1253-43C0-8E1B-84988D10E454}.Release|Any CPU.Build.0 = Release|Any CPU
	EndGlobalSection
	GlobalSection(SolutionProperties) = preSolution
		HideSolutionNode = FALSE
	EndGlobalSection
	GlobalSection(ExtensibilityGlobals) = postSolution
		SolutionGuid = {B0EFDFF9-2348-4F7A-9F1D-49E8FE833BE9}
	EndGlobalSection
EndGlobal
